Microsoft Visual Studio Solution File, Format Version 12.00
# Visual Studio Version 17
VisualStudioVersion = 17.5.2.0
MinimumVisualStudioVersion = 10.0.40219.1
Project("{FAE04EC0-301F-11D3-BF4B-00C04F79EFBC}") = "GestionDeMisiones", "GestionDeMisiones.csproj", "{9191F9C9-A3D3-BCA3-8895-D06552B3AE58}"
EndProject
Global
	GlobalSection(SolutionConfigurationPlatforms) = preSolution
		Debug|Any CPU = Debug|Any CPU
		Release|Any CPU = Release|Any CPU
	EndGlobalSection
	GlobalSection(ProjectConfigurationPlatforms) = postSolution
		{9191F9C9-A3D3-BCA3-8895-D06552B3AE58}.Debug|Any CPU.ActiveCfg = Debug|Any CPU
		{9191F9C9-A3D3-BCA3-8895-D06552B3AE58}.Debug|Any CPU.Build.0 = Debug|Any CPU
		{9191F9C9-A3D3-BCA3-8895-D06552B3AE58}.Release|Any CPU.ActiveCfg = Release|Any CPU
		{9191F9C9-A3D3-BCA3-8895-D06552B3AE58}.Release|Any CPU.Build.0 = Release|Any CPU
	EndGlobalSection
	GlobalSection(SolutionProperties) = preSolution
		HideSolutionNode = FALSE
	EndGlobalSection
	GlobalSection(ExtensibilityGlobals) = postSolution
		SolutionGuid = {BB510B99-346C-46BA-9980-A28F9D1A35CA}
	EndGlobalSection
EndGlobal
